
Microsoft Visual Studio Solution File, Format Version 12.00
# Visual Studio Version 17
VisualStudioVersion = 17.5.33530.505
MinimumVisualStudioVersion = 10.0.40219.1
Project("{FAE04EC0-301F-11D3-BF4B-00C04F79EFBC}") = "CompilerRunner", "CompilerRunner.csproj", "{5579D8A1-B3C9-4EA0-8E66-B5C4C5723BEA}"
EndProject
Global
	GlobalSection(SolutionConfigurationPlatforms) = preSolution
		Debug|Any CPU = Debug|Any CPU
		Release|Any CPU = Release|Any CPU
	EndGlobalSection
	GlobalSection(ProjectConfigurationPlatforms) = postSolution
		{5579D8A1-B3C9-4EA0-8E66-B5C4C5723BEA}.Debug|Any CPU.ActiveCfg = Debug|Any CPU
		{5579D8A1-B3C9-4EA0-8E66-B5C4C5723BEA}.Debug|Any CPU.Build.0 = Debug|Any CPU
		{5579D8A1-B3C9-4EA0-8E66-B5C4C5723BEA}.Release|Any CPU.ActiveCfg = Release|Any CPU
		{5579D8A1-B3C9-4EA0-8E66-B5C4C5723BEA}.Release|Any CPU.Build.0 = Release|Any CPU
	EndGlobalSection
	GlobalSection(SolutionProperties) = preSolution
		HideSolutionNode = FALSE
	EndGlobalSection
	GlobalSection(ExtensibilityGlobals) = postSolution
		SolutionGuid = {67013274-94EF-47A8-ADCA-12A36A832B61}
	EndGlobalSection
EndGlobal
